
Microsoft Visual Studio Solution File, Format Version 12.00
# Visual Studio Version 16
VisualStudioVersion = 16.0.33927.289
MinimumVisualStudioVersion = 10.0.40219.1
Project("{FAE04EC0-301F-11D3-BF4B-00C04F79EFBC}") = "parsing xml files", "parsing xml files\parsing xml files.csproj", "{0392673B-471B-449C-913C-C2BF97FE171A}"
EndProject
Global
	GlobalSection(SolutionConfigurationPlatforms) = preSolution
		Debug|Any CPU = Debug|Any CPU
		Release|Any CPU = Release|Any CPU
	EndGlobalSection
	GlobalSection(ProjectConfigurationPlatforms) = postSolution
		{0392673B-471B-449C-913C-C2BF97FE171A}.Debug|Any CPU.ActiveCfg = Debug|Any CPU
		{0392673B-471B-449C-913C-C2BF97FE171A}.Debug|Any CPU.Build.0 = Debug|Any CPU
		{0392673B-471B-449C-913C-C2BF97FE171A}.Release|Any CPU.ActiveCfg = Release|Any CPU
		{0392673B-471B-449C-913C-C2BF97FE171A}.Release|Any CPU.Build.0 = Release|Any CPU
	EndGlobalSection
	GlobalSection(SolutionProperties) = preSolution
		HideSolutionNode = FALSE
	EndGlobalSection
	GlobalSection(ExtensibilityGlobals) = postSolution
		SolutionGuid = {0F0B33B3-17BF-494E-96F1-2EC4115499E0}
	EndGlobalSection
EndGlobal
